
Microsoft Visual Studio Solution File, Format Version 12.00
# Visual Studio Version 17
VisualStudioVersion = 17.6.33815.320
MinimumVisualStudioVersion = 10.0.40219.1
Project("{9A19103F-16F7-4668-BE54-9A1E7A4F7556}") = "DdnsSharp", "DdnsSharp\DdnsSharp.csproj", "{6F79B9B7-30D6-4864-9D23-5E83AE322DD0}"
EndProject
Project("{9A19103F-16F7-4668-BE54-9A1E7A4F7556}") = "DdnsSharp.Model", "DdnsSharp.Model\DdnsSharp.Model.csproj", "{5C21DB36-D0E8-4013-B6F9-79D6E51B644A}"
EndProject
Project("{2150E333-8FDC-42A3-9474-1A3956D46DE8}") = "Repository", "Repository", "{C3C1FF9C-4DED-479D-9C7D-DB1B9ACF08AB}"
EndProject
Project("{2150E333-8FDC-42A3-9474-1A3956D46DE8}") = "Services", "Services", "{916B9C9E-5F55-4A09-93AF-A46E7A3ED9C9}"
EndProject
Project("{9A19103F-16F7-4668-BE54-9A1E7A4F7556}") = "DdnsSharp.Repository", "DdnsSharp.Repository\DdnsSharp.Repository.csproj", "{5B5B5413-D01B-4D4C-88D2-1627594AACA7}"
EndProject
Project("{9A19103F-16F7-4668-BE54-9A1E7A4F7556}") = "DdnsSharp.IRepository", "DdnsSharp.IRepository\DdnsSharp.IRepository.csproj", "{DA266BC8-EB9F-4C71-8ED4-5D51550FFE6F}"
EndProject
Project("{9A19103F-16F7-4668-BE54-9A1E7A4F7556}") = "DdnsSharp.IServices", "DdnsSharp.IServices\DdnsSharp.IServices.csproj", "{5306C896-A77B-4EDF-8357-846470407944}"
EndProject
Project("{9A19103F-16F7-4668-BE54-9A1E7A4F7556}") = "DdnsSharp.Services", "DdnsSharp.Services\DdnsSharp.Services.csproj", "{831442F3-9E4A-4DCE-ACAE-F35C6110146D}"
EndProject
Project("{9A19103F-16F7-4668-BE54-9A1E7A4F7556}") = "DdnsSharp.EFCore", "DdnsSharp.EFCore\DdnsSharp.EFCore.csproj", "{0F50599C-1352-48B6-9A06-44248ECE1840}"
EndProject
Project("{FAE04EC0-301F-11D3-BF4B-00C04F79EFBC}") = "DdnsSharp.Core", "DdnsSharp.Core\DdnsSharp.Core.csproj", "{C9F07D6B-3539-4DA0-AB10-9AF809F2545D}"
EndProject
Global
	GlobalSection(SolutionConfigurationPlatforms) = preSolution
		Debug|Any CPU = Debug|Any CPU
		Release|Any CPU = Release|Any CPU
	EndGlobalSection
	GlobalSection(ProjectConfigurationPlatforms) = postSolution
		{6F79B9B7-30D6-4864-9D23-5E83AE322DD0}.Debug|Any CPU.ActiveCfg = Debug|Any CPU
		{6F79B9B7-30D6-4864-9D23-5E83AE322DD0}.Debug|Any CPU.Build.0 = Debug|Any CPU
		{6F79B9B7-30D6-4864-9D23-5E83AE322DD0}.Release|Any CPU.ActiveCfg = Release|Any CPU
		{6F79B9B7-30D6-4864-9D23-5E83AE322DD0}.Release|Any CPU.Build.0 = Release|Any CPU
		{5C21DB36-D0E8-4013-B6F9-79D6E51B644A}.Debug|Any CPU.ActiveCfg = Debug|Any CPU
		{5C21DB36-D0E8-4013-B6F9-79D6E51B644A}.Debug|Any CPU.Build.0 = Debug|Any CPU
		{5C21DB36-D0E8-4013-B6F9-79D6E51B644A}.Release|Any CPU.ActiveCfg = Release|Any CPU
		{5C21DB36-D0E8-4013-B6F9-79D6E51B644A}.Release|Any CPU.Build.0 = Release|Any CPU
		{5B5B5413-D01B-4D4C-88D2-1627594AACA7}.Debug|Any CPU.ActiveCfg = Debug|Any CPU
		{5B5B5413-D01B-4D4C-88D2-1627594AACA7}.Debug|Any CPU.Build.0 = Debug|Any CPU
		{5B5B5413-D01B-4D4C-88D2-1627594AACA7}.Release|Any CPU.ActiveCfg = Release|Any CPU
		{5B5B5413-D01B-4D4C-88D2-1627594AACA7}.Release|Any CPU.Build.0 = Release|Any CPU
		{DA266BC8-EB9F-4C71-8ED4-5D51550FFE6F}.Debug|Any CPU.ActiveCfg = Debug|Any CPU
		{DA266BC8-EB9F-4C71-8ED4-5D51550FFE6F}.Debug|Any CPU.Build.0 = Debug|Any CPU
		{DA266BC8-EB9F-4C71-8ED4-5D51550FFE6F}.Release|Any CPU.ActiveCfg = Release|Any CPU
		{DA266BC8-EB9F-4C71-8ED4-5D51550FFE6F}.Release|Any CPU.Build.0 = Release|Any CPU
		{5306C896-A77B-4EDF-8357-846470407944}.Debug|Any CPU.ActiveCfg = Debug|Any CPU
		{5306C896-A77B-4EDF-8357-846470407944}.Debug|Any CPU.Build.0 = Debug|Any CPU
		{5306C896-A77B-4EDF-8357-846470407944}.Release|Any CPU.ActiveCfg = Release|Any CPU
		{5306C896-A77B-4EDF-8357-846470407944}.Release|Any CPU.Build.0 = Release|Any CPU
		{831442F3-9E4A-4DCE-ACAE-F35C6110146D}.Debug|Any CPU.ActiveCfg = Debug|Any CPU
		{831442F3-9E4A-4DCE-ACAE-F35C6110146D}.Debug|Any CPU.Build.0 = Debug|Any CPU
		{831442F3-9E4A-4DCE-ACAE-F35C6110146D}.Release|Any CPU.ActiveCfg = Release|Any CPU
		{831442F3-9E4A-4DCE-ACAE-F35C6110146D}.Release|Any CPU.Build.0 = Release|Any CPU
		{0F50599C-1352-48B6-9A06-44248ECE1840}.Debug|Any CPU.ActiveCfg = Debug|Any CPU
		{0F50599C-1352-48B6-9A06-44248ECE1840}.Debug|Any CPU.Build.0 = Debug|Any CPU
		{0F50599C-1352-48B6-9A06-44248ECE1840}.Release|Any CPU.ActiveCfg = Release|Any CPU
		{0F50599C-1352-48B6-9A06-44248ECE1840}.Release|Any CPU.Build.0 = Release|Any CPU
		{C9F07D6B-3539-4DA0-AB10-9AF809F2545D}.Debug|Any CPU.ActiveCfg = Debug|Any CPU
		{C9F07D6B-3539-4DA0-AB10-9AF809F2545D}.Debug|Any CPU.Build.0 = Debug|Any CPU
		{C9F07D6B-3539-4DA0-AB10-9AF809F2545D}.Release|Any CPU.ActiveCfg = Release|Any CPU
		{C9F07D6B-3539-4DA0-AB10-9AF809F2545D}.Release|Any CPU.Build.0 = Release|Any CPU
	EndGlobalSection
	GlobalSection(SolutionProperties) = preSolution
		HideSolutionNode = FALSE
	EndGlobalSection
	GlobalSection(NestedProjects) = preSolution
		{5B5B5413-D01B-4D4C-88D2-1627594AACA7} = {C3C1FF9C-4DED-479D-9C7D-DB1B9ACF08AB}
		{DA266BC8-EB9F-4C71-8ED4-5D51550FFE6F} = {C3C1FF9C-4DED-479D-9C7D-DB1B9ACF08AB}
		{5306C896-A77B-4EDF-8357-846470407944} = {916B9C9E-5F55-4A09-93AF-A46E7A3ED9C9}
		{831442F3-9E4A-4DCE-ACAE-F35C6110146D} = {916B9C9E-5F55-4A09-93AF-A46E7A3ED9C9}
	EndGlobalSection
	GlobalSection(ExtensibilityGlobals) = postSolution
		SolutionGuid = {3C029359-06B7-4BCB-98AB-300BCCF89AF4}
	EndGlobalSection
EndGlobal
